
Microsoft Visual Studio Solution File, Format Version 12.00
# Visual Studio Version 16
VisualStudioVersion = 16.0.30011.22
MinimumVisualStudioVersion = 10.0.40219.1
Project("{FAE04EC0-301F-11D3-BF4B-00C04F79EFBC}") = "NUnitTestProject1", "NUnitTestProject1.csproj", "{FAD8EA8E-15A3-41D9-93F6-17ABE069156A}"
EndProject
Global
	GlobalSection(SolutionConfigurationPlatforms) = preSolution
		Debug|Any CPU = Debug|Any CPU
		Release|Any CPU = Release|Any CPU
	EndGlobalSection
	GlobalSection(ProjectConfigurationPlatforms) = postSolution
		{FAD8EA8E-15A3-41D9-93F6-17ABE069156A}.Debug|Any CPU.ActiveCfg = Debug|Any CPU
		{FAD8EA8E-15A3-41D9-93F6-17ABE069156A}.Debug|Any CPU.Build.0 = Debug|Any CPU
		{FAD8EA8E-15A3-41D9-93F6-17ABE069156A}.Release|Any CPU.ActiveCfg = Release|Any CPU
		{FAD8EA8E-15A3-41D9-93F6-17ABE069156A}.Release|Any CPU.Build.0 = Release|Any CPU
	EndGlobalSection
	GlobalSection(SolutionProperties) = preSolution
		HideSolutionNode = FALSE
	EndGlobalSection
	GlobalSection(ExtensibilityGlobals) = postSolution
		SolutionGuid = {487EE261-DF7B-4280-AB34-F866FCA5799A}
	EndGlobalSection
EndGlobal
